
Microsoft Visual Studio Solution File, Format Version 12.00
# Visual Studio Version 17
VisualStudioVersion = 17.6.33815.320
MinimumVisualStudioVersion = 10.0.40219.1
Project("{FAE04EC0-301F-11D3-BF4B-00C04F79EFBC}") = "HRZS", "HRZS\HRZS.csproj", "{8F2AD133-0D0A-4B81-8E52-075F91D79E14}"
EndProject
Project("{FAE04EC0-301F-11D3-BF4B-00C04F79EFBC}") = "HRDao", "HRDao\HRDao.csproj", "{50087766-EC81-4BA2-8FA8-F7BED9B5C6DE}"
EndProject
Project("{FAE04EC0-301F-11D3-BF4B-00C04F79EFBC}") = "HRModel", "HRModel\HRModel.csproj", "{2F29A48B-0BAC-44A7-A26A-F5A152AF1C42}"
EndProject
Global
	GlobalSection(SolutionConfigurationPlatforms) = preSolution
		Debug|Any CPU = Debug|Any CPU
		Release|Any CPU = Release|Any CPU
	EndGlobalSection
	GlobalSection(ProjectConfigurationPlatforms) = postSolution
		{8F2AD133-0D0A-4B81-8E52-075F91D79E14}.Debug|Any CPU.ActiveCfg = Debug|Any CPU
		{8F2AD133-0D0A-4B81-8E52-075F91D79E14}.Debug|Any CPU.Build.0 = Debug|Any CPU
		{8F2AD133-0D0A-4B81-8E52-075F91D79E14}.Release|Any CPU.ActiveCfg = Release|Any CPU
		{8F2AD133-0D0A-4B81-8E52-075F91D79E14}.Release|Any CPU.Build.0 = Release|Any CPU
		{50087766-EC81-4BA2-8FA8-F7BED9B5C6DE}.Debug|Any CPU.ActiveCfg = Debug|Any CPU
		{50087766-EC81-4BA2-8FA8-F7BED9B5C6DE}.Debug|Any CPU.Build.0 = Debug|Any CPU
		{50087766-EC81-4BA2-8FA8-F7BED9B5C6DE}.Release|Any CPU.ActiveCfg = Release|Any CPU
		{50087766-EC81-4BA2-8FA8-F7BED9B5C6DE}.Release|Any CPU.Build.0 = Release|Any CPU
		{2F29A48B-0BAC-44A7-A26A-F5A152AF1C42}.Debug|Any CPU.ActiveCfg = Debug|Any CPU
		{2F29A48B-0BAC-44A7-A26A-F5A152AF1C42}.Debug|Any CPU.Build.0 = Debug|Any CPU
		{2F29A48B-0BAC-44A7-A26A-F5A152AF1C42}.Release|Any CPU.ActiveCfg = Release|Any CPU
		{2F29A48B-0BAC-44A7-A26A-F5A152AF1C42}.Release|Any CPU.Build.0 = Release|Any CPU
	EndGlobalSection
	GlobalSection(SolutionProperties) = preSolution
		HideSolutionNode = FALSE
	EndGlobalSection
	GlobalSection(ExtensibilityGlobals) = postSolution
		SolutionGuid = {11F34061-5B54-44D0-A36A-B56D1415DA7F}
	EndGlobalSection
EndGlobal
